
Microsoft Visual Studio Solution File, Format Version 12.00
# Visual Studio Version 17
VisualStudioVersion = 17.5.33530.505
MinimumVisualStudioVersion = 10.0.40219.1
Project("{9A19103F-16F7-4668-BE54-9A1E7A4F7556}") = "PresentationTier", "PresentationTier\PresentationTier.csproj", "{BCE7FBA5-6A5C-40AA-BA11-1250478FF89D}"
EndProject
Project("{9A19103F-16F7-4668-BE54-9A1E7A4F7556}") = "MovieServer", "MovieServer\MovieServer.csproj", "{9BF30713-11F6-4518-A6C8-7992396723A4}"
EndProject
Project("{9A19103F-16F7-4668-BE54-9A1E7A4F7556}") = "ConsoleApp1", "ConsoleApp1\ConsoleApp1.csproj", "{09D2E694-0AE3-4570-8608-F26A24C473C1}"
EndProject
Global
	GlobalSection(SolutionConfigurationPlatforms) = preSolution
		Debug|Any CPU = Debug|Any CPU
		Release|Any CPU = Release|Any CPU
	EndGlobalSection
	GlobalSection(ProjectConfigurationPlatforms) = postSolution
		{BCE7FBA5-6A5C-40AA-BA11-1250478FF89D}.Debug|Any CPU.ActiveCfg = Debug|Any CPU
		{BCE7FBA5-6A5C-40AA-BA11-1250478FF89D}.Debug|Any CPU.Build.0 = Debug|Any CPU
		{BCE7FBA5-6A5C-40AA-BA11-1250478FF89D}.Release|Any CPU.ActiveCfg = Release|Any CPU
		{BCE7FBA5-6A5C-40AA-BA11-1250478FF89D}.Release|Any CPU.Build.0 = Release|Any CPU
		{9BF30713-11F6-4518-A6C8-7992396723A4}.Debug|Any CPU.ActiveCfg = Debug|Any CPU
		{9BF30713-11F6-4518-A6C8-7992396723A4}.Debug|Any CPU.Build.0 = Debug|Any CPU
		{9BF30713-11F6-4518-A6C8-7992396723A4}.Release|Any CPU.ActiveCfg = Release|Any CPU
		{9BF30713-11F6-4518-A6C8-7992396723A4}.Release|Any CPU.Build.0 = Release|Any CPU
		{09D2E694-0AE3-4570-8608-F26A24C473C1}.Debug|Any CPU.ActiveCfg = Debug|Any CPU
		{09D2E694-0AE3-4570-8608-F26A24C473C1}.Debug|Any CPU.Build.0 = Debug|Any CPU
		{09D2E694-0AE3-4570-8608-F26A24C473C1}.Release|Any CPU.ActiveCfg = Release|Any CPU
		{09D2E694-0AE3-4570-8608-F26A24C473C1}.Release|Any CPU.Build.0 = Release|Any CPU
	EndGlobalSection
	GlobalSection(SolutionProperties) = preSolution
		HideSolutionNode = FALSE
	EndGlobalSection
	GlobalSection(ExtensibilityGlobals) = postSolution
		SolutionGuid = {231857EE-13E2-4870-88A5-2AD727169455}
	EndGlobalSection
EndGlobal
